// !$*UTF8*$!
{
	archiveVersion = 1;
	classes = {
	};
	objectVersion = 46;
	objects = {

/* Begin PBXBuildFile section */
		02F73FEFB891D3126DD947F9 /* libPods.a in Frameworks */ = {isa = PBXBuildFile; fileRef = C9F0AC610FA807DD060C782D /* libPods.a */; };
		836EBCA01B389C680023DCEC /* AppDelegate.swift in Sources */ = {isa = PBXBuildFile; fileRef = 836EBC9F1B389C680023DCEC /* AppDelegate.swift */; };
		836EBCA31B389C680023DCEC /* BitDateKK.xcdatamodeld in Sources */ = {isa = PBXBuildFile; fileRef = 836EBCA11B389C680023DCEC /* BitDateKK.xcdatamodeld */; };
		836EBCA51B389C680023DCEC /* ViewController.swift in Sources */ = {isa = PBXBuildFile; fileRef = 836EBCA41B389C680023DCEC /* ViewController.swift */; };
		836EBCA81B389C680023DCEC /* Main.storyboard in Resources */ = {isa = PBXBuildFile; fileRef = 836EBCA61B389C680023DCEC /* Main.storyboard */; };
		836EBCAA1B389C680023DCEC /* Images.xcassets in Resources */ = {isa = PBXBuildFile; fileRef = 836EBCA91B389C680023DCEC /* Images.xcassets */; };
		836EBCAD1B389C680023DCEC /* LaunchScreen.xib in Resources */ = {isa = PBXBuildFile; fileRef = 836EBCAB1B389C680023DCEC /* LaunchScreen.xib */; };
		836EBCB91B389C680023DCEC /* BitDateKKTests.swift in Sources */ = {isa = PBXBuildFile; fileRef = 836EBCB81B389C680023DCEC /* BitDateKKTests.swift */; };
		836EBCC41B3927C00023DCEC /* CardView.swift in Sources */ = {isa = PBXBuildFile; fileRef = 836EBCC31B3927C00023DCEC /* CardView.swift */; };
		836EBCC61B3B1F8D0023DCEC /* SwipeView.swift in Sources */ = {isa = PBXBuildFile; fileRef = 836EBCC51B3B1F8D0023DCEC /* SwipeView.swift */; };
		836EBCCB1B3B24770023DCEC /* CardsViewController.swift in Sources */ = {isa = PBXBuildFile; fileRef = 836EBCCA1B3B24770023DCEC /* CardsViewController.swift */; };
		836EBCCF1B3B3F6D0023DCEC /* Parse.framework in Frameworks */ = {isa = PBXBuildFile; fileRef = 836EBCCD1B3B3F6D0023DCEC /* Parse.framework */; };
		836EBCD01B3B3F6D0023DCEC /* ParseFacebookUtils.framework in Frameworks */ = {isa = PBXBuildFile; fileRef = 836EBCCE1B3B3F6D0023DCEC /* ParseFacebookUtils.framework */; };
		836EBCD21B3B3FBD0023DCEC /* AudioToolbox.framework in Frameworks */ = {isa = PBXBuildFile; fileRef = 836EBCD11B3B3FBD0023DCEC /* AudioToolbox.framework */; };
		836EBCD41B3B3FC50023DCEC /* CFNetwork.framework in Frameworks */ = {isa = PBXBuildFile; fileRef = 836EBCD31B3B3FC50023DCEC /* CFNetwork.framework */; };
		836EBCD61B3B3FCD0023DCEC /* CoreGraphics.framework in Frameworks */ = {isa = PBXBuildFile; fileRef = 836EBCD51B3B3FCD0023DCEC /* CoreGraphics.framework */; };
		836EBCD81B3B3FD60023DCEC /* CoreLocation.framework in Frameworks */ = {isa = PBXBuildFile; fileRef = 836EBCD71B3B3FD60023DCEC /* CoreLocation.framework */; };
		836EBCDA1B3B3FDD0023DCEC /* MobileCoreServices.framework in Frameworks */ = {isa = PBXBuildFile; fileRef = 836EBCD91B3B3FDD0023DCEC /* MobileCoreServices.framework */; };
		836EBCDC1B3B3FE60023DCEC /* QuartzCore.framework in Frameworks */ = {isa = PBXBuildFile; fileRef = 836EBCDB1B3B3FE60023DCEC /* QuartzCore.framework */; };
		836EBCDE1B3B3FED0023DCEC /* Security.framework in Frameworks */ = {isa = PBXBuildFile; fileRef = 836EBCDD1B3B3FED0023DCEC /* Security.framework */; };
		836EBCE01B3B3FF30023DCEC /* StoreKit.framework in Frameworks */ = {isa = PBXBuildFile; fileRef = 836EBCDF1B3B3FF30023DCEC /* StoreKit.framework */; };
		836EBCE21B3B3FFC0023DCEC /* SystemConfiguration.framework in Frameworks */ = {isa = PBXBuildFile; fileRef = 836EBCE11B3B3FFC0023DCEC /* SystemConfiguration.framework */; };
		836EBCE41B3B40060023DCEC /* libz.dylib in Frameworks */ = {isa = PBXBuildFile; fileRef = 836EBCE31B3B40060023DCEC /* libz.dylib */; };
		836EBCE61B3B40110023DCEC /* libsqlite3.dylib in Frameworks */ = {isa = PBXBuildFile; fileRef = 836EBCE51B3B40110023DCEC /* libsqlite3.dylib */; };
		836EBCEA1B3BD0940023DCEC /* README.md in Sources */ = {isa = PBXBuildFile; fileRef = 836EBCE91B3BD0940023DCEC /* README.md */; };
		836EBCEC1B3BD3AE0023DCEC /* Podfile in Resources */ = {isa = PBXBuildFile; fileRef = 836EBCEB1B3BD3AE0023DCEC /* Podfile */; };
		83C1D25E1B3D26DA0043646E /* LoginViewController.swift in Sources */ = {isa = PBXBuildFile; fileRef = 83C1D25D1B3D26DA0043646E /* LoginViewController.swift */; };
		83C1D2611B3DCD270043646E /* User.swift in Sources */ = {isa = PBXBuildFile; fileRef = 83C1D2601B3DCD270043646E /* User.swift */; };
/* End PBXBuildFile section */

/* Begin PBXContainerItemProxy section */
		836EBCB31B389C680023DCEC /* PBXContainerItemProxy */ = {
			isa = PBXContainerItemProxy;
			containerPortal = 836EBC921B389C680023DCEC /* Project object */;
			proxyType = 1;
			remoteGlobalIDString = 836EBC991B389C680023DCEC;
			remoteInfo = BitDateKK;
		};
/* End PBXContainerItemProxy section */

/* Begin PBXFileReference section */
		6FF372822A5564EB7E1B492B /* Pods.debug.xcconfig */ = {isa = PBXFileReference; includeInIndex = 1; lastKnownFileType = text.xcconfig; name = Pods.debug.xcconfig; path = "Pods/Target Support Files/Pods/Pods.debug.xcconfig"; sourceTree = "<group>"; };
		836EBC9A1B389C680023DCEC /* BitDateKK.app */ = {isa = PBXFileReference; explicitFileType = wrapper.application; includeInIndex = 0; path = BitDateKK.app; sourceTree = BUILT_PRODUCTS_DIR; };
		836EBC9E1B389C680023DCEC /* Info.plist */ = {isa = PBXFileReference; lastKnownFileType = text.plist.xml; path = Info.plist; sourceTree = "<group>"; };
		836EBC9F1B389C680023DCEC /* AppDelegate.swift */ = {isa = PBXFileReference; lastKnownFileType = sourcecode.swift; path = AppDelegate.swift; sourceTree = "<group>"; };
		836EBCA21B389C680023DCEC /* BitDateKK.xcdatamodel */ = {isa = PBXFileReference; lastKnownFileType = wrapper.xcdatamodel; path = BitDateKK.xcdatamodel; sourceTree = "<group>"; };
		836EBCA41B389C680023DCEC /* ViewController.swift */ = {isa = PBXFileReference; lastKnownFileType = sourcecode.swift; path = ViewController.swift; sourceTree = "<group>"; };
		836EBCA71B389C680023DCEC /* Base */ = {isa = PBXFileReference; lastKnownFileType = file.storyboard; name = Base; path = Base.lproj/Main.storyboard; sourceTree = "<group>"; };
		836EBCA91B389C680023DCEC /* Images.xcassets */ = {isa = PBXFileReference; lastKnownFileType = folder.assetcatalog; path = Images.xcassets; sourceTree = "<group>"; };
		836EBCAC1B389C680023DCEC /* Base */ = {isa = PBXFileReference; lastKnownFileType = file.xib; name = Base; path = Base.lproj/LaunchScreen.xib; sourceTree = "<group>"; };
		836EBCB21B389C680023DCEC /* BitDateKKTests.xctest */ = {isa = PBXFileReference; explicitFileType = wrapper.cfbundle; includeInIndex = 0; path = BitDateKKTests.xctest; sourceTree = BUILT_PRODUCTS_DIR; };
		836EBCB71B389C680023DCEC /* Info.plist */ = {isa = PBXFileReference; lastKnownFileType = text.plist.xml; path = Info.plist; sourceTree = "<group>"; };
		836EBCB81B389C680023DCEC /* BitDateKKTests.swift */ = {isa = PBXFileReference; lastKnownFileType = sourcecode.swift; path = BitDateKKTests.swift; sourceTree = "<group>"; };
		836EBCC31B3927C00023DCEC /* CardView.swift */ = {isa = PBXFileReference; fileEncoding = 4; lastKnownFileType = sourcecode.swift; path = CardView.swift; sourceTree = "<group>"; };
		836EBCC51B3B1F8D0023DCEC /* SwipeView.swift */ = {isa = PBXFileReference; fileEncoding = 4; lastKnownFileType = sourcecode.swift; path = SwipeView.swift; sourceTree = "<group>"; };
		836EBCCA1B3B24770023DCEC /* CardsViewController.swift */ = {isa = PBXFileReference; fileEncoding = 4; lastKnownFileType = sourcecode.swift; path = CardsViewController.swift; sourceTree = "<group>"; };
		836EBCCD1B3B3F6D0023DCEC /* Parse.framework */ = {isa = PBXFileReference; lastKnownFileType = wrapper.framework; path = Parse.framework; sourceTree = "<group>"; };
		836EBCCE1B3B3F6D0023DCEC /* ParseFacebookUtils.framework */ = {isa = PBXFileReference; lastKnownFileType = wrapper.framework; path = ParseFacebookUtils.framework; sourceTree = "<group>"; };
		836EBCD11B3B3FBD0023DCEC /* AudioToolbox.framework */ = {isa = PBXFileReference; lastKnownFileType = wrapper.framework; name = AudioToolbox.framework; path = System/Library/Frameworks/AudioToolbox.framework; sourceTree = SDKROOT; };
		836EBCD31B3B3FC50023DCEC /* CFNetwork.framework */ = {isa = PBXFileReference; lastKnownFileType = wrapper.framework; name = CFNetwork.framework; path = System/Library/Frameworks/CFNetwork.framework; sourceTree = SDKROOT; };
		836EBCD51B3B3FCD0023DCEC /* CoreGraphics.framework */ = {isa = PBXFileReference; lastKnownFileType = wrapper.framework; name = CoreGraphics.framework; path = System/Library/Frameworks/CoreGraphics.framework; sourceTree = SDKROOT; };
		836EBCD71B3B3FD60023DCEC /* CoreLocation.framework */ = {isa = PBXFileReference; lastKnownFileType = wrapper.framework; name = CoreLocation.framework; path = System/Library/Frameworks/CoreLocation.framework; sourceTree = SDKROOT; };
		836EBCD91B3B3FDD0023DCEC /* MobileCoreServices.framework */ = {isa = PBXFileReference; lastKnownFileType = wrapper.framework; name = MobileCoreServices.framework; path = System/Library/Frameworks/MobileCoreServices.framework; sourceTree = SDKROOT; };
		836EBCDB1B3B3FE60023DCEC /* QuartzCore.framework */ = {isa = PBXFileReference; lastKnownFileType = wrapper.framework; name = QuartzCore.framework; path = System/Library/Frameworks/QuartzCore.framework; sourceTree = SDKROOT; };
		836EBCDD1B3B3FED0023DCEC /* Security.framework */ = {isa = PBXFileReference; lastKnownFileType = wrapper.framework; name = Security.framework; path = System/Library/Frameworks/Security.framework; sourceTree = SDKROOT; };
		836EBCDF1B3B3FF30023DCEC /* StoreKit.framework */ = {isa = PBXFileReference; lastKnownFileType = wrapper.framework; name = StoreKit.framework; path = System/Library/Frameworks/StoreKit.framework; sourceTree = SDKROOT; };
		836EBCE11B3B3FFC0023DCEC /* SystemConfiguration.framework */ = {isa = PBXFileReference; lastKnownFileType = wrapper.framework; name = SystemConfiguration.framework; path = System/Library/Frameworks/SystemConfiguration.framework; sourceTree = SDKROOT; };
		836EBCE31B3B40060023DCEC /* libz.dylib */ = {isa = PBXFileReference; lastKnownFileType = "compiled.mach-o.dylib"; name = libz.dylib; path = usr/lib/libz.dylib; sourceTree = SDKROOT; };
		836EBCE51B3B40110023DCEC /* libsqlite3.dylib */ = {isa = PBXFileReference; lastKnownFileType = "compiled.mach-o.dylib"; name = libsqlite3.dylib; path = usr/lib/libsqlite3.dylib; sourceTree = SDKROOT; };
		836EBCE91B3BD0940023DCEC /* README.md */ = {isa = PBXFileReference; fileEncoding = 4; lastKnownFileType = net.daringfireball.markdown; path = README.md; sourceTree = "<group>"; };
		836EBCEB1B3BD3AE0023DCEC /* Podfile */ = {isa = PBXFileReference; fileEncoding = 4; lastKnownFileType = text; path = Podfile; sourceTree = "<group>"; xcLanguageSpecificationIdentifier = xcode.lang.ruby; };
		83C1D25C1B3C97B00043646E /* Bridging-Header.h */ = {isa = PBXFileReference; lastKnownFileType = sourcecode.c.h; path = "Bridging-Header.h"; sourceTree = "<group>"; };
		83C1D25D1B3D26DA0043646E /* LoginViewController.swift */ = {isa = PBXFileReference; fileEncoding = 4; lastKnownFileType = sourcecode.swift; path = LoginViewController.swift; sourceTree = "<group>"; };
		83C1D2601B3DCD270043646E /* User.swift */ = {isa = PBXFileReference; fileEncoding = 4; lastKnownFileType = sourcecode.swift; path = User.swift; sourceTree = "<group>"; };
		8483E5C797B7ADD0A7DCE074 /* Pods.release.xcconfig */ = {isa = PBXFileReference; includeInIndex = 1; lastKnownFileType = text.xcconfig; name = Pods.release.xcconfig; path = "Pods/Target Support Files/Pods/Pods.release.xcconfig"; sourceTree = "<group>"; };
		C9F0AC610FA807DD060C782D /* libPods.a */ = {isa = PBXFileReference; explicitFileType = archive.ar; includeInIndex = 0; path = libPods.a; sourceTree = BUILT_PRODUCTS_DIR; };
/* End PBXFileReference section */

/* Begin PBXFrameworksBuildPhase section */
		836EBC971B389C680023DCEC /* Frameworks */ = {
			isa = PBXFrameworksBuildPhase;
			buildActionMask = 2147483647;
			files = (
				836EBCE61B3B40110023DCEC /* libsqlite3.dylib in Frameworks */,
				836EBCE41B3B40060023DCEC /* libz.dylib in Frameworks */,
				836EBCE21B3B3FFC0023DCEC /* SystemConfiguration.framework in Frameworks */,
				836EBCE01B3B3FF30023DCEC /* StoreKit.framework in Frameworks */,
				836EBCDE1B3B3FED0023DCEC /* Security.framework in Frameworks */,
				836EBCDC1B3B3FE60023DCEC /* QuartzCore.framework in Frameworks */,
				836EBCDA1B3B3FDD0023DCEC /* MobileCoreServices.framework in Frameworks */,
				836EBCD81B3B3FD60023DCEC /* CoreLocation.framework in Frameworks */,
				836EBCD61B3B3FCD0023DCEC /* CoreGraphics.framework in Frameworks */,
				836EBCD41B3B3FC50023DCEC /* CFNetwork.framework in Frameworks */,
				836EBCD21B3B3FBD0023DCEC /* AudioToolbox.framework in Frameworks */,
				836EBCD01B3B3F6D0023DCEC /* ParseFacebookUtils.framework in Frameworks */,
				836EBCCF1B3B3F6D0023DCEC /* Parse.framework in Frameworks */,
				02F73FEFB891D3126DD947F9 /* libPods.a in Frameworks */,
			);
			runOnlyForDeploymentPostprocessing = 0;
		};
		836EBCAF1B389C680023DCEC /* Frameworks */ = {
			isa = PBXFrameworksBuildPhase;
			buildActionMask = 2147483647;
			files = (
			);
			runOnlyForDeploymentPostprocessing = 0;
		};
/* End PBXFrameworksBuildPhase section */

/* Begin PBXGroup section */
		230D214FC25C7C3B0378DF81 /* Pods */ = {
			isa = PBXGroup;
			children = (
				6FF372822A5564EB7E1B492B /* Pods.debug.xcconfig */,
				8483E5C797B7ADD0A7DCE074 /* Pods.release.xcconfig */,
			);
			name = Pods;
			sourceTree = "<group>";
		};
		836EBC911B389C680023DCEC = {
			isa = PBXGroup;
			children = (
				836EBCEB1B3BD3AE0023DCEC /* Podfile */,
				836EBCE91B3BD0940023DCEC /* README.md */,
				836EBC9C1B389C680023DCEC /* BitDateKK */,
				836EBCB51B389C680023DCEC /* BitDateKKTests */,
				836EBC9B1B389C680023DCEC /* Products */,
				230D214FC25C7C3B0378DF81 /* Pods */,
				AB95A0D7C96840B1DE7B13FE /* Frameworks */,
			);
			sourceTree = "<group>";
		};
		836EBC9B1B389C680023DCEC /* Products */ = {
			isa = PBXGroup;
			children = (
				836EBC9A1B389C680023DCEC /* BitDateKK.app */,
				836EBCB21B389C680023DCEC /* BitDateKKTests.xctest */,
			);
			name = Products;
			sourceTree = "<group>";
		};
		836EBC9C1B389C680023DCEC /* BitDateKK */ = {
			isa = PBXGroup;
			children = (
				83C1D25F1B3DCD0A0043646E /* Data */,
				836EBCC71B3B23AA0023DCEC /* ViewControllers */,
				836EBCC21B3927720023DCEC /* Views */,
				836EBC9F1B389C680023DCEC /* AppDelegate.swift */,
				836EBCA61B389C680023DCEC /* Main.storyboard */,
				836EBCA91B389C680023DCEC /* Images.xcassets */,
				836EBCAB1B389C680023DCEC /* LaunchScreen.xib */,
				836EBCA11B389C680023DCEC /* BitDateKK.xcdatamodeld */,
				836EBC9D1B389C680023DCEC /* Supporting Files */,
				836EBCCC1B3B3F1E0023DCEC /* Frameworks */,
			);
			path = BitDateKK;
			sourceTree = "<group>";
		};
		836EBC9D1B389C680023DCEC /* Supporting Files */ = {
			isa = PBXGroup;
			children = (
				836EBC9E1B389C680023DCEC /* Info.plist */,
				83C1D25C1B3C97B00043646E /* Bridging-Header.h */,
			);
			name = "Supporting Files";
			sourceTree = "<group>";
		};
		836EBCB51B389C680023DCEC /* BitDateKKTests */ = {
			isa = PBXGroup;
			children = (
				836EBCB81B389C680023DCEC /* BitDateKKTests.swift */,
				836EBCB61B389C680023DCEC /* Supporting Files */,
			);
			path = BitDateKKTests;
			sourceTree = "<group>";
		};
		836EBCB61B389C680023DCEC /* Supporting Files */ = {
			isa = PBXGroup;
			children = (
				836EBCB71B389C680023DCEC /* Info.plist */,
			);
			name = "Supporting Files";
			sourceTree = "<group>";
		};
		836EBCC21B3927720023DCEC /* Views */ = {
			isa = PBXGroup;
			children = (
				836EBCC31B3927C00023DCEC /* CardView.swift */,
				836EBCC51B3B1F8D0023DCEC /* SwipeView.swift */,
			);
			name = Views;
			sourceTree = "<group>";
		};
		836EBCC71B3B23AA0023DCEC /* ViewControllers */ = {
			isa = PBXGroup;
			children = (
				836EBCA41B389C680023DCEC /* ViewController.swift */,
				83C1D25D1B3D26DA0043646E /* LoginViewController.swift */,
				836EBCCA1B3B24770023DCEC /* CardsViewController.swift */,
			);
			name = ViewControllers;
			sourceTree = "<group>";
		};
		836EBCCC1B3B3F1E0023DCEC /* Frameworks */ = {
			isa = PBXGroup;
			children = (
				836EBCE51B3B40110023DCEC /* libsqlite3.dylib */,
				836EBCE31B3B40060023DCEC /* libz.dylib */,
				836EBCE11B3B3FFC0023DCEC /* SystemConfiguration.framework */,
				836EBCDF1B3B3FF30023DCEC /* StoreKit.framework */,
				836EBCDD1B3B3FED0023DCEC /* Security.framework */,
				836EBCDB1B3B3FE60023DCEC /* QuartzCore.framework */,
				836EBCD91B3B3FDD0023DCEC /* MobileCoreServices.framework */,
				836EBCD71B3B3FD60023DCEC /* CoreLocation.framework */,
				836EBCD51B3B3FCD0023DCEC /* CoreGraphics.framework */,
				836EBCD31B3B3FC50023DCEC /* CFNetwork.framework */,
				836EBCD11B3B3FBD0023DCEC /* AudioToolbox.framework */,
				836EBCCD1B3B3F6D0023DCEC /* Parse.framework */,
				836EBCCE1B3B3F6D0023DCEC /* ParseFacebookUtils.framework */,
			);
			name = Frameworks;
			sourceTree = "<group>";
		};
		83C1D25F1B3DCD0A0043646E /* Data */ = {
			isa = PBXGroup;
			children = (
				83C1D2601B3DCD270043646E /* User.swift */,
			);
			name = Data;
			sourceTree = "<group>";
		};
		AB95A0D7C96840B1DE7B13FE /* Frameworks */ = {
			isa = PBXGroup;
			children = (
				C9F0AC610FA807DD060C782D /* libPods.a */,
			);
			name = Frameworks;
			sourceTree = "<group>";
		};
/* End PBXGroup section */

/* Begin PBXNativeTarget section */
		836EBC991B389C680023DCEC /* BitDateKK */ = {
			isa = PBXNativeTarget;
			buildConfigurationList = 836EBCBC1B389C680023DCEC /* Build configuration list for PBXNativeTarget "BitDateKK" */;
			buildPhases = (
				DE0FDAEA426B1A6A81ABD994 /* Check Pods Manifest.lock */,
				836EBC961B389C680023DCEC /* Sources */,
				836EBC971B389C680023DCEC /* Frameworks */,
				836EBC981B389C680023DCEC /* Resources */,
				BC78DFAEA77DAA62E235E2FE /* Copy Pods Resources */,
			);
			buildRules = (
			);
			dependencies = (
			);
			name = BitDateKK;
			productName = BitDateKK;
			productReference = 836EBC9A1B389C680023DCEC /* BitDateKK.app */;
			productType = "com.apple.product-type.application";
		};
		836EBCB11B389C680023DCEC /* BitDateKKTests */ = {
			isa = PBXNativeTarget;
			buildConfigurationList = 836EBCBF1B389C680023DCEC /* Build configuration list for PBXNativeTarget "BitDateKKTests" */;
			buildPhases = (
				836EBCAE1B389C680023DCEC /* Sources */,
				836EBCAF1B389C680023DCEC /* Frameworks */,
				836EBCB01B389C680023DCEC /* Resources */,
			);
			buildRules = (
			);
			dependencies = (
				836EBCB41B389C680023DCEC /* PBXTargetDependency */,
			);
			name = BitDateKKTests;
			productName = BitDateKKTests;
			productReference = 836EBCB21B389C680023DCEC /* BitDateKKTests.xctest */;
			productType = "com.apple.product-type.bundle.unit-test";
		};
/* End PBXNativeTarget section */

/* Begin PBXProject section */
		836EBC921B389C680023DCEC /* Project object */ = {
			isa = PBXProject;
			attributes = {
				LastUpgradeCheck = 0630;
				ORGANIZATIONNAME = "Krzysztof Kula";
				TargetAttributes = {
					836EBC991B389C680023DCEC = {
						CreatedOnToolsVersion = 6.3.2;
					};
					836EBCB11B389C680023DCEC = {
						CreatedOnToolsVersion = 6.3.2;
						TestTargetID = 836EBC991B389C680023DCEC;
					};
				};
			};
			buildConfigurationList = 836EBC951B389C680023DCEC /* Build configuration list for PBXProject "BitDateKK" */;
			compatibilityVersion = "Xcode 3.2";
			developmentRegion = English;
			hasScannedForEncodings = 0;
			knownRegions = (
				en,
				Base,
			);
			mainGroup = 836EBC911B389C680023DCEC;
			productRefGroup = 836EBC9B1B389C680023DCEC /* Products */;
			projectDirPath = "";
			projectRoot = "";
			targets = (
				836EBC991B389C680023DCEC /* BitDateKK */,
				836EBCB11B389C680023DCEC /* BitDateKKTests */,
			);
		};
/* End PBXProject section */

/* Begin PBXResourcesBuildPhase section */
		836EBC981B389C680023DCEC /* Resources */ = {
			isa = PBXResourcesBuildPhase;
			buildActionMask = 2147483647;
			files = (
				836EBCA81B389C680023DCEC /* Main.storyboard in Resources */,
				836EBCAD1B389C680023DCEC /* LaunchScreen.xib in Resources */,
				836EBCEC1B3BD3AE0023DCEC /* Podfile in Resources */,
				836EBCAA1B389C680023DCEC /* Images.xcassets in Resources */,
			);
			runOnlyForDeploymentPostprocessing = 0;
		};
		836EBCB01B389C680023DCEC /* Resources */ = {
			isa = PBXResourcesBuildPhase;
			buildActionMask = 2147483647;
			files = (
			);
			runOnlyForDeploymentPostprocessing = 0;
		};
/* End PBXResourcesBuildPhase section */

/* Begin PBXShellScriptBuildPhase section */
		BC78DFAEA77DAA62E235E2FE /* Copy Pods Resources */ = {
			isa = PBXShellScriptBuildPhase;
			buildActionMask = 2147483647;
			files = (
			);
			inputPaths = (
			);
			name = "Copy Pods Resources";
			outputPaths = (
			);
			runOnlyForDeploymentPostprocessing = 0;
			shellPath = /bin/sh;
			shellScript = "\"${SRCROOT}/Pods/Target Support Files/Pods/Pods-resources.sh\"\n";
			showEnvVarsInLog = 0;
		};
		DE0FDAEA426B1A6A81ABD994 /* Check Pods Manifest.lock */ = {
			isa = PBXShellScriptBuildPhase;
			buildActionMask = 2147483647;
			files = (
			);
			inputPaths = (
			);
			name = "Check Pods Manifest.lock";
			outputPaths = (
			);
			runOnlyForDeploymentPostprocessing = 0;
			shellPath = /bin/sh;
			shellScript = "diff \"${PODS_ROOT}/../Podfile.lock\" \"${PODS_ROOT}/Manifest.lock\" > /dev/null\nif [[ $? != 0 ]] ; then\n    cat << EOM\nerror: The sandbox is not in sync with the Podfile.lock. Run 'pod install' or update your CocoaPods installation.\nEOM\n    exit 1\nfi\n";
			showEnvVarsInLog = 0;
		};
/* End PBXShellScriptBuildPhase section */

/* Begin PBXSourcesBuildPhase section */
		836EBC961B389C680023DCEC /* Sources */ = {
			isa = PBXSourcesBuildPhase;
			buildActionMask = 2147483647;
			files = (
				836EBCA51B389C680023DCEC /* ViewController.swift in Sources */,
				836EBCA01B389C680023DCEC /* AppDelegate.swift in Sources */,
				836EBCCB1B3B24770023DCEC /* CardsViewController.swift in Sources */,
				836EBCEA1B3BD0940023DCEC /* README.md in Sources */,
				83C1D25E1B3D26DA0043646E /* LoginViewController.swift in Sources */,
				83C1D2611B3DCD270043646E /* User.swift in Sources */,
				836EBCC41B3927C00023DCEC /* CardView.swift in Sources */,
				836EBCC61B3B1F8D0023DCEC /* SwipeView.swift in Sources */,
				836EBCA31B389C680023DCEC /* BitDateKK.xcdatamodeld in Sources */,
			);
			runOnlyForDeploymentPostprocessing = 0;
		};
		836EBCAE1B389C680023DCEC /* Sources */ = {
			isa = PBXSourcesBuildPhase;
			buildActionMask = 2147483647;
			files = (
				836EBCB91B389C680023DCEC /* BitDateKKTests.swift in Sources */,
			);
			runOnlyForDeploymentPostprocessing = 0;
		};
/* End PBXSourcesBuildPhase section */

/* Begin PBXTargetDependency section */
		836EBCB41B389C680023DCEC /* PBXTargetDependency */ = {
			isa = PBXTargetDependency;
			target = 836EBC991B389C680023DCEC /* BitDateKK */;
			targetProxy = 836EBCB31B389C680023DCEC /* PBXContainerItemProxy */;
		};
/* End PBXTargetDependency section */

/* Begin PBXVariantGroup section */
		836EBCA61B389C680023DCEC /* Main.storyboard */ = {
			isa = PBXVariantGroup;
			children = (
				836EBCA71B389C680023DCEC /* Base */,
			);
			name = Main.storyboard;
			sourceTree = "<group>";
		};
		836EBCAB1B389C680023DCEC /* LaunchScreen.xib */ = {
			isa = PBXVariantGroup;
			children = (
				836EBCAC1B389C680023DCEC /* Base */,
			);
			name = LaunchScreen.xib;
			sourceTree = "<group>";
		};
/* End PBXVariantGroup section */

/* Begin XCBuildConfiguration section */
		836EBCBA1B389C680023DCEC /* Debug */ = {
			isa = XCBuildConfiguration;
			buildSettings = {
				ALWAYS_SEARCH_USER_PATHS = NO;
				CLANG_CXX_LANGUAGE_STANDARD = "gnu++0x";
				CLANG_CXX_LIBRARY = "libc++";
				CLANG_ENABLE_MODULES = YES;
				CLANG_ENABLE_OBJC_ARC = YES;
				CLANG_WARN_BOOL_CONVERSION = YES;
				CLANG_WARN_CONSTANT_CONVERSION = YES;
				CLANG_WARN_DIRECT_OBJC_ISA_USAGE = YES_ERROR;
				CLANG_WARN_EMPTY_BODY = YES;
				CLANG_WARN_ENUM_CONVERSION = YES;
				CLANG_WARN_INT_CONVERSION = YES;
				CLANG_WARN_OBJC_ROOT_CLASS = YES_ERROR;
				CLANG_WARN_UNREACHABLE_CODE = YES;
				CLANG_WARN__DUPLICATE_METHOD_MATCH = YES;
				"CODE_SIGN_IDENTITY[sdk=iphoneos*]" = "iPhone Developer";
				COPY_PHASE_STRIP = NO;
				DEBUG_INFORMATION_FORMAT = "dwarf-with-dsym";
				ENABLE_STRICT_OBJC_MSGSEND = YES;
				GCC_C_LANGUAGE_STANDARD = gnu99;
				GCC_DYNAMIC_NO_PIC = NO;
				GCC_NO_COMMON_BLOCKS = YES;
				GCC_OPTIMIZATION_LEVEL = 0;
				GCC_PREPROCESSOR_DEFINITIONS = (
					"DEBUG=1",
					"$(inherited)",
				);
				GCC_SYMBOLS_PRIVATE_EXTERN = NO;
				GCC_WARN_64_TO_32_BIT_CONVERSION = YES;
				GCC_WARN_ABOUT_RETURN_TYPE = YES_ERROR;
				GCC_WARN_UNDECLARED_SELECTOR = YES;
				GCC_WARN_UNINITIALIZED_AUTOS = YES_AGGRESSIVE;
				GCC_WARN_UNUSED_FUNCTION = YES;
				GCC_WARN_UNUSED_VARIABLE = YES;
				IPHONEOS_DEPLOYMENT_TARGET = 8.3;
				MTL_ENABLE_DEBUG_INFO = YES;
				ONLY_ACTIVE_ARCH = YES;
				SDKROOT = iphoneos;
				SWIFT_OPTIMIZATION_LEVEL = "-Onone";
				TARGETED_DEVICE_FAMILY = "1,2";
			};
			name = Debug;
		};
		836EBCBB1B389C680023DCEC /* Release */ = {
			isa = XCBuildConfiguration;
			buildSettings = {
				ALWAYS_SEARCH_USER_PATHS = NO;
				CLANG_CXX_LANGUAGE_STANDARD = "gnu++0x";
				CLANG_CXX_LIBRARY = "libc++";
				CLANG_ENABLE_MODULES = YES;
				CLANG_ENABLE_OBJC_ARC = YES;
				CLANG_WARN_BOOL_CONVERSION = YES;
				CLANG_WARN_CONSTANT_CONVERSION = YES;
				CLANG_WARN_DIRECT_OBJC_ISA_USAGE = YES_ERROR;
				CLANG_WARN_EMPTY_BODY = YES;
				CLANG_WARN_ENUM_CONVERSION = YES;
				CLANG_WARN_INT_CONVERSION = YES;
				CLANG_WARN_OBJC_ROOT_CLASS = YES_ERROR;
				CLANG_WARN_UNREACHABLE_CODE = YES;
				CLANG_WARN__DUPLICATE_METHOD_MATCH = YES;
				"CODE_SIGN_IDENTITY[sdk=iphoneos*]" = "iPhone Developer";
				COPY_PHASE_STRIP = NO;
				DEBUG_INFORMATION_FORMAT = "dwarf-with-dsym";
				ENABLE_NS_ASSERTIONS = NO;
				ENABLE_STRICT_OBJC_MSGSEND = YES;
				GCC_C_LANGUAGE_STANDARD = gnu99;
				GCC_NO_COMMON_BLOCKS = YES;
				GCC_WARN_64_TO_32_BIT_CONVERSION = YES;
				GCC_WARN_ABOUT_RETURN_TYPE = YES_ERROR;
				GCC_WARN_UNDECLARED_SELECTOR = YES;
				GCC_WARN_UNINITIALIZED_AUTOS = YES_AGGRESSIVE;
				GCC_WARN_UNUSED_FUNCTION = YES;
				GCC_WARN_UNUSED_VARIABLE = YES;
				IPHONEOS_DEPLOYMENT_TARGET = 8.3;
				MTL_ENABLE_DEBUG_INFO = NO;
				SDKROOT = iphoneos;
				TARGETED_DEVICE_FAMILY = "1,2";
				VALIDATE_PRODUCT = YES;
			};
			name = Release;
		};
		836EBCBD1B389C680023DCEC /* Debug */ = {
			isa = XCBuildConfiguration;
			baseConfigurationReference = 6FF372822A5564EB7E1B492B /* Pods.debug.xcconfig */;
			buildSettings = {
				ASSETCATALOG_COMPILER_APPICON_NAME = AppIcon;
				FRAMEWORK_SEARCH_PATHS = (
					"$(inherited)",
					"$(PROJECT_DIR)/BitDateKK",
				);
				INFOPLIST_FILE = BitDateKK/Info.plist;
				LD_RUNPATH_SEARCH_PATHS = "$(inherited) @executable_path/Frameworks";
				PRODUCT_NAME = "$(TARGET_NAME)";
				SWIFT_OBJC_BRIDGING_HEADER = "BitDateKK/Bridging-Header.h";
			};
			name = Debug;
		};
		836EBCBE1B389C680023DCEC /* Release */ = {
			isa = XCBuildConfiguration;
			baseConfigurationReference = 8483E5C797B7ADD0A7DCE074 /* Pods.release.xcconfig */;
			buildSettings = {
				ASSETCATALOG_COMPILER_APPICON_NAME = AppIcon;
				FRAMEWORK_SEARCH_PATHS = (
					"$(inherited)",
					"$(PROJECT_DIR)/BitDateKK",
				);
				INFOPLIST_FILE = BitDateKK/Info.plist;
				LD_RUNPATH_SEARCH_PATHS = "$(inherited) @executable_path/Frameworks";
				PRODUCT_NAME = "$(TARGET_NAME)";
				SWIFT_OBJC_BRIDGING_HEADER = "BitDateKK/Bridging-Header.h";
			};
			name = Release;
		};
		836EBCC01B389C680023DCEC /* Debug */ = {
			isa = XCBuildConfiguration;
			buildSettings = {
				BUNDLE_LOADER = "$(TEST_HOST)";
				FRAMEWORK_SEARCH_PATHS = (
					"$(SDKROOT)/Developer/Library/Frameworks",
					"$(inherited)",
				);
				GCC_PREPROCESSOR_DEFINITIONS = (
					"DEBUG=1",
					"$(inherited)",
				);
				INFOPLIST_FILE = BitDateKKTests/Info.plist;
				LD_RUNPATH_SEARCH_PATHS = "$(inherited) @executable_path/Frameworks @loader_path/Frameworks";
				PRODUCT_NAME = "$(TARGET_NAME)";
				TEST_HOST = "$(BUILT_PRODUCTS_DIR)/BitDateKK.app/BitDateKK";
			};
			name = Debug;
		};
		836EBCC11B389C680023DCEC /* Release */ = {
			isa = XCBuildConfiguration;
			buildSettings = {
				BUNDLE_LOADER = "$(TEST_HOST)";
				FRAMEWORK_SEARCH_PATHS = (
					"$(SDKROOT)/Developer/Library/Frameworks",
					"$(inherited)",
				);
				INFOPLIST_FILE = BitDateKKTests/Info.plist;
				LD_RUNPATH_SEARCH_PATHS = "$(inherited) @executable_path/Frameworks @loader_path/Frameworks";
				PRODUCT_NAME = "$(TARGET_NAME)";
				TEST_HOST = "$(BUILT_PRODUCTS_DIR)/BitDateKK.app/BitDateKK";
			};
			name = Release;
		};
/* End XCBuildConfiguration section */

/* Begin XCConfigurationList section */
		836EBC951B389C680023DCEC /* Build configuration list for PBXProject "BitDateKK" */ = {
			isa = XCConfigurationList;
			buildConfigurations = (
				836EBCBA1B389C680023DCEC /* Debug */,
				836EBCBB1B389C680023DCEC /* Release */,
			);
			defaultConfigurationIsVisible = 0;
			defaultConfigurationName = Release;
		};
		836EBCBC1B389C680023DCEC /* Build configuration list for PBXNativeTarget "BitDateKK" */ = {
			isa = XCConfigurationList;
			buildConfigurations = (
				836EBCBD1B389C680023DCEC /* Debug */,
				836EBCBE1B389C680023DCEC /* Release */,
			);
			defaultConfigurationIsVisible = 0;
			defaultConfigurationName = Release;
		};
		836EBCBF1B389C680023DCEC /* Build configuration list for PBXNativeTarget "BitDateKKTests" */ = {
			isa = XCConfigurationList;
			buildConfigurations = (
				836EBCC01B389C680023DCEC /* Debug */,
				836EBCC11B389C680023DCEC /* Release */,
			);
			defaultConfigurationIsVisible = 0;
			defaultConfigurationName = Release;
		};
/* End XCConfigurationList section */

/* Begin XCVersionGroup section */
		836EBCA11B389C680023DCEC /* BitDateKK.xcdatamodeld */ = {
			isa = XCVersionGroup;
			children = (
				836EBCA21B389C680023DCEC /* BitDateKK.xcdatamodel */,
			);
			currentVersion = 836EBCA21B389C680023DCEC /* BitDateKK.xcdatamodel */;
			path = BitDateKK.xcdatamodeld;
			sourceTree = "<group>";
			versionGroupType = wrapper.xcdatamodel;
		};
/* End XCVersionGroup section */
	};
	rootObject = 836EBC921B389C680023DCEC /* Project object */;
}
